// !$*UTF8*$!
{
	archiveVersion = 1;
	classes = {
	};
	objectVersion = 50;
	objects = {

/* Begin PBXBuildFile section */
		9820E8A22598357800215A74 /* AppDelegate.swift in Sources */ = {isa = PBXBuildFile; fileRef = 9820E8A12598357800215A74 /* AppDelegate.swift */; };
		9820E8A42598357800215A74 /* SceneDelegate.swift in Sources */ = {isa = PBXBuildFile; fileRef = 9820E8A32598357800215A74 /* SceneDelegate.swift */; };
		9820E8A62598357800215A74 /* ViewController.swift in Sources */ = {isa = PBXBuildFile; fileRef = 9820E8A52598357800215A74 /* ViewController.swift */; };
		9820E8A92598357800215A74 /* Main.storyboard in Resources */ = {isa = PBXBuildFile; fileRef = 9820E8A72598357800215A74 /* Main.storyboard */; };
		9820E8AB2598357D00215A74 /* Assets.xcassets in Resources */ = {isa = PBXBuildFile; fileRef = 9820E8AA2598357D00215A74 /* Assets.xcassets */; };
		9820E8AE2598357D00215A74 /* LaunchScreen.storyboard in Resources */ = {isa = PBXBuildFile; fileRef = 9820E8AC2598357D00215A74 /* LaunchScreen.storyboard */; };
		9820E8B725983ED000215A74 /* MainViewController.swift in Sources */ = {isa = PBXBuildFile; fileRef = 9820E8B625983ECB00215A74 /* MainViewController.swift */; };
		9820E8BA25983F2000215A74 /* Extensions.swift in Sources */ = {isa = PBXBuildFile; fileRef = 9820E8B925983F2000215A74 /* Extensions.swift */; };
		9820E8C02598514300215A74 /* EventNameCell.swift in Sources */ = {isa = PBXBuildFile; fileRef = 9820E8BF2598514300215A74 /* EventNameCell.swift */; };
		9820E8C42598565900215A74 /* TabController.swift in Sources */ = {isa = PBXBuildFile; fileRef = 9820E8C32598565900215A74 /* TabController.swift */; };
		9820E8C7259856D500215A74 /* UserViewController.swift in Sources */ = {isa = PBXBuildFile; fileRef = 9820E8C6259856D500215A74 /* UserViewController.swift */; };
		9820E8CA259859E500215A74 /* UserCell.swift in Sources */ = {isa = PBXBuildFile; fileRef = 9820E8C9259859E500215A74 /* UserCell.swift */; };
		9820E8CD2598629000215A74 /* MainViewHeader.swift in Sources */ = {isa = PBXBuildFile; fileRef = 9820E8CC2598629000215A74 /* MainViewHeader.swift */; };
		9820E8D02598680100215A74 /* DetailViewController.swift in Sources */ = {isa = PBXBuildFile; fileRef = 9820E8CF2598680000215A74 /* DetailViewController.swift */; };
/* End PBXBuildFile section */

/* Begin PBXFileReference section */
		9820E89E2598357800215A74 /* StechEventApp.app */ = {isa = PBXFileReference; explicitFileType = wrapper.application; includeInIndex = 0; path = StechEventApp.app; sourceTree = BUILT_PRODUCTS_DIR; };
		9820E8A12598357800215A74 /* AppDelegate.swift */ = {isa = PBXFileReference; lastKnownFileType = sourcecode.swift; path = AppDelegate.swift; sourceTree = "<group>"; };
		9820E8A32598357800215A74 /* SceneDelegate.swift */ = {isa = PBXFileReference; lastKnownFileType = sourcecode.swift; path = SceneDelegate.swift; sourceTree = "<group>"; };
		9820E8A52598357800215A74 /* ViewController.swift */ = {isa = PBXFileReference; lastKnownFileType = sourcecode.swift; path = ViewController.swift; sourceTree = "<group>"; };
		9820E8A82598357800215A74 /* Base */ = {isa = PBXFileReference; lastKnownFileType = file.storyboard; name = Base; path = Base.lproj/Main.storyboard; sourceTree = "<group>"; };
		9820E8AA2598357D00215A74 /* Assets.xcassets */ = {isa = PBXFileReference; lastKnownFileType = folder.assetcatalog; path = Assets.xcassets; sourceTree = "<group>"; };
		9820E8AD2598357D00215A74 /* Base */ = {isa = PBXFileReference; lastKnownFileType = file.storyboard; name = Base; path = Base.lproj/LaunchScreen.storyboard; sourceTree = "<group>"; };
		9820E8AF2598357D00215A74 /* Info.plist */ = {isa = PBXFileReference; lastKnownFileType = text.plist.xml; path = Info.plist; sourceTree = "<group>"; };
		9820E8B625983ECB00215A74 /* MainViewController.swift */ = {isa = PBXFileReference; lastKnownFileType = sourcecode.swift; path = MainViewController.swift; sourceTree = "<group>"; };
		9820E8B925983F2000215A74 /* Extensions.swift */ = {isa = PBXFileReference; lastKnownFileType = sourcecode.swift; path = Extensions.swift; sourceTree = "<group>"; };
		9820E8BF2598514300215A74 /* EventNameCell.swift */ = {isa = PBXFileReference; lastKnownFileType = sourcecode.swift; path = EventNameCell.swift; sourceTree = "<group>"; };
		9820E8C32598565900215A74 /* TabController.swift */ = {isa = PBXFileReference; lastKnownFileType = sourcecode.swift; path = TabController.swift; sourceTree = "<group>"; };
		9820E8C6259856D500215A74 /* UserViewController.swift */ = {isa = PBXFileReference; lastKnownFileType = sourcecode.swift; path = UserViewController.swift; sourceTree = "<group>"; };
		9820E8C9259859E500215A74 /* UserCell.swift */ = {isa = PBXFileReference; lastKnownFileType = sourcecode.swift; path = UserCell.swift; sourceTree = "<group>"; };
		9820E8CC2598629000215A74 /* MainViewHeader.swift */ = {isa = PBXFileReference; lastKnownFileType = sourcecode.swift; path = MainViewHeader.swift; sourceTree = "<group>"; };
		9820E8CF2598680000215A74 /* DetailViewController.swift */ = {isa = PBXFileReference; lastKnownFileType = sourcecode.swift; path = DetailViewController.swift; sourceTree = "<group>"; };
/* End PBXFileReference section */

/* Begin PBXFrameworksBuildPhase section */
		9820E89B2598357800215A74 /* Frameworks */ = {
			isa = PBXFrameworksBuildPhase;
			buildActionMask = 2147483647;
			files = (
			);
			runOnlyForDeploymentPostprocessing = 0;
		};
/* End PBXFrameworksBuildPhase section */

/* Begin PBXGroup section */
		9820E8952598357800215A74 = {
			isa = PBXGroup;
			children = (
				9820E8A02598357800215A74 /* StechEventApp */,
				9820E89F2598357800215A74 /* Products */,
			);
			sourceTree = "<group>";
		};
		9820E89F2598357800215A74 /* Products */ = {
			isa = PBXGroup;
			children = (
				9820E89E2598357800215A74 /* StechEventApp.app */,
			);
			name = Products;
			sourceTree = "<group>";
		};
		9820E8A02598357800215A74 /* StechEventApp */ = {
			isa = PBXGroup;
			children = (
				9820E8A12598357800215A74 /* AppDelegate.swift */,
				9820E8A32598357800215A74 /* SceneDelegate.swift */,
				9820E8B625983ECB00215A74 /* MainViewController.swift */,
				9820E8CF2598680000215A74 /* DetailViewController.swift */,
				9820E8CC2598629000215A74 /* MainViewHeader.swift */,
				9820E8C6259856D500215A74 /* UserViewController.swift */,
				9820E8C9259859E500215A74 /* UserCell.swift */,
				9820E8C32598565900215A74 /* TabController.swift */,
				9820E8BF2598514300215A74 /* EventNameCell.swift */,
				9820E8B925983F2000215A74 /* Extensions.swift */,
				9820E8A52598357800215A74 /* ViewController.swift */,
				9820E8A72598357800215A74 /* Main.storyboard */,
				9820E8AA2598357D00215A74 /* Assets.xcassets */,
				9820E8AC2598357D00215A74 /* LaunchScreen.storyboard */,
				9820E8AF2598357D00215A74 /* Info.plist */,
			);
			path = StechEventApp;
			sourceTree = "<group>";
		};
/* End PBXGroup section */

/* Begin PBXNativeTarget section */
		9820E89D2598357800215A74 /* StechEventApp */ = {
			isa = PBXNativeTarget;
			buildConfigurationList = 9820E8B22598357D00215A74 /* Build configuration list for PBXNativeTarget "StechEventApp" */;
			buildPhases = (
				9820E89A2598357800215A74 /* Sources */,
				9820E89B2598357800215A74 /* Frameworks */,
				9820E89C2598357800215A74 /* Resources */,
			);
			buildRules = (
			);
			dependencies = (
			);
			name = StechEventApp;
			productName = StechEventApp;
			productReference = 9820E89E2598357800215A74 /* StechEventApp.app */;
			productType = "com.apple.product-type.application";
		};
/* End PBXNativeTarget section */

/* Begin PBXProject section */
		9820E8962598357800215A74 /* Project object */ = {
			isa = PBXProject;
			attributes = {
				LastSwiftUpdateCheck = 1220;
				LastUpgradeCheck = 1220;
				TargetAttributes = {
					9820E89D2598357800215A74 = {
						CreatedOnToolsVersion = 12.2;
					};
				};
			};
			buildConfigurationList = 9820E8992598357800215A74 /* Build configuration list for PBXProject "StechEventApp" */;
			compatibilityVersion = "Xcode 9.3";
			developmentRegion = en;
			hasScannedForEncodings = 0;
			knownRegions = (
				en,
				Base,
			);
			mainGroup = 9820E8952598357800215A74;
			productRefGroup = 9820E89F2598357800215A74 /* Products */;
			projectDirPath = "";
			projectRoot = "";
			targets = (
				9820E89D2598357800215A74 /* StechEventApp */,
			);
		};
/* End PBXProject section */

/* Begin PBXResourcesBuildPhase section */
		9820E89C2598357800215A74 /* Resources */ = {
			isa = PBXResourcesBuildPhase;
			buildActionMask = 2147483647;
			files = (
				9820E8AE2598357D00215A74 /* LaunchScreen.storyboard in Resources */,
				9820E8AB2598357D00215A74 /* Assets.xcassets in Resources */,
				9820E8A92598357800215A74 /* Main.storyboard in Resources */,
			);
			runOnlyForDeploymentPostprocessing = 0;
		};
/* End PBXResourcesBuildPhase section */

/* Begin PBXSourcesBuildPhase section */
		9820E89A2598357800215A74 /* Sources */ = {
			isa = PBXSourcesBuildPhase;
			buildActionMask = 2147483647;
			files = (
				9820E8D02598680100215A74 /* DetailViewController.swift in Sources */,
				9820E8CD2598629000215A74 /* MainViewHeader.swift in Sources */,
				9820E8C42598565900215A74 /* TabController.swift in Sources */,
				9820E8C7259856D500215A74 /* UserViewController.swift in Sources */,
				9820E8BA25983F2000215A74 /* Extensions.swift in Sources */,
				9820E8A62598357800215A74 /* ViewController.swift in Sources */,
				9820E8A22598357800215A74 /* AppDelegate.swift in Sources */,
				9820E8CA259859E500215A74 /* UserCell.swift in Sources */,
				9820E8A42598357800215A74 /* SceneDelegate.swift in Sources */,
				9820E8C02598514300215A74 /* EventNameCell.swift in Sources */,
				9820E8B725983ED000215A74 /* MainViewController.swift in Sources */,
			);
			runOnlyForDeploymentPostprocessing = 0;
		};
/* End PBXSourcesBuildPhase section */

/* Begin PBXVariantGroup section */
		9820E8A72598357800215A74 /* Main.storyboard */ = {
			isa = PBXVariantGroup;
			children = (
				9820E8A82598357800215A74 /* Base */,
			);
			name = Main.storyboard;
			sourceTree = "<group>";
		};
		9820E8AC2598357D00215A74 /* LaunchScreen.storyboard */ = {
			isa = PBXVariantGroup;
			children = (
				9820E8AD2598357D00215A74 /* Base */,
			);
			name = LaunchScreen.storyboard;
			sourceTree = "<group>";
		};
/* End PBXVariantGroup section */

/* Begin XCBuildConfiguration section */
		9820E8B02598357D00215A74 /* Debug */ = {
			isa = XCBuildConfiguration;
			buildSettings = {
				ALWAYS_SEARCH_USER_PATHS = NO;
				CLANG_ANALYZER_NONNULL = YES;
				CLANG_ANALYZER_NUMBER_OBJECT_CONVERSION = YES_AGGRESSIVE;
				CLANG_CXX_LANGUAGE_STANDARD = "gnu++14";
				CLANG_CXX_LIBRARY = "libc++";
				CLANG_ENABLE_MODULES = YES;
				CLANG_ENABLE_OBJC_ARC = YES;
				CLANG_ENABLE_OBJC_WEAK = YES;
				CLANG_WARN_BLOCK_CAPTURE_AUTORELEASING = YES;
				CLANG_WARN_BOOL_CONVERSION = YES;
				CLANG_WARN_COMMA = YES;
				CLANG_WARN_CONSTANT_CONVERSION = YES;
				CLANG_WARN_DEPRECATED_OBJC_IMPLEMENTATIONS = YES;
				CLANG_WARN_DIRECT_OBJC_ISA_USAGE = YES_ERROR;
				CLANG_WARN_DOCUMENTATION_COMMENTS = YES;
				CLANG_WARN_EMPTY_BODY = YES;
				CLANG_WARN_ENUM_CONVERSION = YES;
				CLANG_WARN_INFINITE_RECURSION = YES;
				CLANG_WARN_INT_CONVERSION = YES;
				CLANG_WARN_NON_LITERAL_NULL_CONVERSION = YES;
				CLANG_WARN_OBJC_IMPLICIT_RETAIN_SELF = YES;
				CLANG_WARN_OBJC_LITERAL_CONVERSION = YES;
				CLANG_WARN_OBJC_ROOT_CLASS = YES_ERROR;
				CLANG_WARN_QUOTED_INCLUDE_IN_FRAMEWORK_HEADER = YES;
				CLANG_WARN_RANGE_LOOP_ANALYSIS = YES;
				CLANG_WARN_STRICT_PROTOTYPES = YES;
				CLANG_WARN_SUSPICIOUS_MOVE = YES;
				CLANG_WARN_UNGUARDED_AVAILABILITY = YES_AGGRESSIVE;
				CLANG_WARN_UNREACHABLE_CODE = YES;
				CLANG_WARN__DUPLICATE_METHOD_MATCH = YES;
				COPY_PHASE_STRIP = NO;
				DEBUG_INFORMATION_FORMAT = dwarf;
				ENABLE_STRICT_OBJC_MSGSEND = YES;
				ENABLE_TESTABILITY = YES;
				GCC_C_LANGUAGE_STANDARD = gnu11;
				GCC_DYNAMIC_NO_PIC = NO;
				GCC_NO_COMMON_BLOCKS = YES;
				GCC_OPTIMIZATION_LEVEL = 0;
				GCC_PREPROCESSOR_DEFINITIONS = (
					"DEBUG=1",
					"$(inherited)",
				);
				GCC_WARN_64_TO_32_BIT_CONVERSION = YES;
				GCC_WARN_ABOUT_RETURN_TYPE = YES_ERROR;
				GCC_WARN_UNDECLARED_SELECTOR = YES;
				GCC_WARN_UNINITIALIZED_AUTOS = YES_AGGRESSIVE;
				GCC_WARN_UNUSED_FUNCTION = YES;
				GCC_WARN_UNUSED_VARIABLE = YES;
				IPHONEOS_DEPLOYMENT_TARGET = 14.2;
				MTL_ENABLE_DEBUG_INFO = INCLUDE_SOURCE;
				MTL_FAST_MATH = YES;
				ONLY_ACTIVE_ARCH = YES;
				SDKROOT = iphoneos;
				SWIFT_ACTIVE_COMPILATION_CONDITIONS = DEBUG;
				SWIFT_OPTIMIZATION_LEVEL = "-Onone";
			};
			name = Debug;
		};
		9820E8B12598357D00215A74 /* Release */ = {
			isa = XCBuildConfiguration;
			buildSettings = {
				ALWAYS_SEARCH_USER_PATHS = NO;
				CLANG_ANALYZER_NONNULL = YES;
				CLANG_ANALYZER_NUMBER_OBJECT_CONVERSION = YES_AGGRESSIVE;
				CLANG_CXX_LANGUAGE_STANDARD = "gnu++14";
				CLANG_CXX_LIBRARY = "libc++";
				CLANG_ENABLE_MODULES = YES;
				CLANG_ENABLE_OBJC_ARC = YES;
				CLANG_ENABLE_OBJC_WEAK = YES;
				CLANG_WARN_BLOCK_CAPTURE_AUTORELEASING = YES;
				CLANG_WARN_BOOL_CONVERSION = YES;
				CLANG_WARN_COMMA = YES;
				CLANG_WARN_CONSTANT_CONVERSION = YES;
				CLANG_WARN_DEPRECATED_OBJC_IMPLEMENTATIONS = YES;
				CLANG_WARN_DIRECT_OBJC_ISA_USAGE = YES_ERROR;
				CLANG_WARN_DOCUMENTATION_COMMENTS = YES;
				CLANG_WARN_EMPTY_BODY = YES;
				CLANG_WARN_ENUM_CONVERSION = YES;
				CLANG_WARN_INFINITE_RECURSION = YES;
				CLANG_WARN_INT_CONVERSION = YES;
				CLANG_WARN_NON_LITERAL_NULL_CONVERSION = YES;
				CLANG_WARN_OBJC_IMPLICIT_RETAIN_SELF = YES;
				CLANG_WARN_OBJC_LITERAL_CONVERSION = YES;
				CLANG_WARN_OBJC_ROOT_CLASS = YES_ERROR;
				CLANG_WARN_QUOTED_INCLUDE_IN_FRAMEWORK_HEADER = YES;
				CLANG_WARN_RANGE_LOOP_ANALYSIS = YES;
				CLANG_WARN_STRICT_PROTOTYPES = YES;
				CLANG_WARN_SUSPICIOUS_MOVE = YES;
				CLANG_WARN_UNGUARDED_AVAILABILITY = YES_AGGRESSIVE;
				CLANG_WARN_UNREACHABLE_CODE = YES;
				CLANG_WARN__DUPLICATE_METHOD_MATCH = YES;
				COPY_PHASE_STRIP = NO;
				DEBUG_INFORMATION_FORMAT = "dwarf-with-dsym";
				ENABLE_NS_ASSERTIONS = NO;
				ENABLE_STRICT_OBJC_MSGSEND = YES;
				GCC_C_LANGUAGE_STANDARD = gnu11;
				GCC_NO_COMMON_BLOCKS = YES;
				GCC_WARN_64_TO_32_BIT_CONVERSION = YES;
				GCC_WARN_ABOUT_RETURN_TYPE = YES_ERROR;
				GCC_WARN_UNDECLARED_SELECTOR = YES;
				GCC_WARN_UNINITIALIZED_AUTOS = YES_AGGRESSIVE;
				GCC_WARN_UNUSED_FUNCTION = YES;
				GCC_WARN_UNUSED_VARIABLE = YES;
				IPHONEOS_DEPLOYMENT_TARGET = 14.2;
				MTL_ENABLE_DEBUG_INFO = NO;
				MTL_FAST_MATH = YES;
				SDKROOT = iphoneos;
				SWIFT_COMPILATION_MODE = wholemodule;
				SWIFT_OPTIMIZATION_LEVEL = "-O";
				VALIDATE_PRODUCT = YES;
			};
			name = Release;
		};
		9820E8B32598357D00215A74 /* Debug */ = {
			isa = XCBuildConfiguration;
			buildSettings = {
				ASSETCATALOG_COMPILER_APPICON_NAME = AppIcon;
				ASSETCATALOG_COMPILER_GLOBAL_ACCENT_COLOR_NAME = AccentColor;
				CODE_SIGN_STYLE = Automatic;
				DEVELOPMENT_TEAM = XG9UCHUCSL;
				INFOPLIST_FILE = StechEventApp/Info.plist;
				LD_RUNPATH_SEARCH_PATHS = (
					"$(inherited)",
					"@executable_path/Frameworks",
				);
				PRODUCT_BUNDLE_IDENTIFIER = com.aeg.qed.StechEventApp;
				PRODUCT_NAME = "$(TARGET_NAME)";
				SWIFT_VERSION = 5.0;
				TARGETED_DEVICE_FAMILY = "1,2";
			};
			name = Debug;
		};
		9820E8B42598357D00215A74 /* Release */ = {
			isa = XCBuildConfiguration;
			buildSettings = {
				ASSETCATALOG_COMPILER_APPICON_NAME = AppIcon;
				ASSETCATALOG_COMPILER_GLOBAL_ACCENT_COLOR_NAME = AccentColor;
				CODE_SIGN_STYLE = Automatic;
				DEVELOPMENT_TEAM = XG9UCHUCSL;
				INFOPLIST_FILE = StechEventApp/Info.plist;
				LD_RUNPATH_SEARCH_PATHS = (
					"$(inherited)",
					"@executable_path/Frameworks",
				);
				PRODUCT_BUNDLE_IDENTIFIER = com.aeg.qed.StechEventApp;
				PRODUCT_NAME = "$(TARGET_NAME)";
				SWIFT_VERSION = 5.0;
				TARGETED_DEVICE_FAMILY = "1,2";
			};
			name = Release;
		};
/* End XCBuildConfiguration section */

/* Begin XCConfigurationList section */
		9820E8992598357800215A74 /* Build configuration list for PBXProject "StechEventApp" */ = {
			isa = XCConfigurationList;
			buildConfigurations = (
				9820E8B02598357D00215A74 /* Debug */,
				9820E8B12598357D00215A74 /* Release */,
			);
			defaultConfigurationIsVisible = 0;
			defaultConfigurationName = Release;
		};
		9820E8B22598357D00215A74 /* Build configuration list for PBXNativeTarget "StechEventApp" */ = {
			isa = XCConfigurationList;
			buildConfigurations = (
				9820E8B32598357D00215A74 /* Debug */,
				9820E8B42598357D00215A74 /* Release */,
			);
			defaultConfigurationIsVisible = 0;
			defaultConfigurationName = Release;
		};
/* End XCConfigurationList section */
	};
	rootObject = 9820E8962598357800215A74 /* Project object */;
}
